
Microsoft Visual Studio Solution File, Format Version 12.00
# Visual Studio Version 17
VisualStudioVersion = 17.8.34525.116
MinimumVisualStudioVersion = 10.0.40219.1
Project("{FAE04EC0-301F-11D3-BF4B-00C04F79EFBC}") = "MagicVilla_VillaAPI", "MagicVilla_VillaAPI\MagicVilla_VillaAPI.csproj", "{6392B44D-1A4C-46B1-ABCC-8FF50E1AAFB4}"
EndProject
Global
	GlobalSection(SolutionConfigurationPlatforms) = preSolution
		Debug|Any CPU = Debug|Any CPU
		Release|Any CPU = Release|Any CPU
	EndGlobalSection
	GlobalSection(ProjectConfigurationPlatforms) = postSolution
		{6392B44D-1A4C-46B1-ABCC-8FF50E1AAFB4}.Debug|Any CPU.ActiveCfg = Debug|Any CPU
		{6392B44D-1A4C-46B1-ABCC-8FF50E1AAFB4}.Debug|Any CPU.Build.0 = Debug|Any CPU
		{6392B44D-1A4C-46B1-ABCC-8FF50E1AAFB4}.Release|Any CPU.ActiveCfg = Release|Any CPU
		{6392B44D-1A4C-46B1-ABCC-8FF50E1AAFB4}.Release|Any CPU.Build.0 = Release|Any CPU
	EndGlobalSection
	GlobalSection(SolutionProperties) = preSolution
		HideSolutionNode = FALSE
	EndGlobalSection
	GlobalSection(ExtensibilityGlobals) = postSolution
		SolutionGuid = {0734A7DE-D365-48A3-89EC-F6111F101325}
	EndGlobalSection
EndGlobal
